// !$*UTF8*$!
{
	archiveVersion = 1;
	classes = {
	};
	objectVersion = 55;
	objects = {

/* Begin PBXBuildFile section */
		8414122F27DE4E2600F7036B /* AppDelegate.swift in Sources */ = {isa = PBXBuildFile; fileRef = 8414122E27DE4E2600F7036B /* AppDelegate.swift */; };
		8414123127DE4E2600F7036B /* SceneDelegate.swift in Sources */ = {isa = PBXBuildFile; fileRef = 8414123027DE4E2600F7036B /* SceneDelegate.swift */; };
		8414123327DE4E2600F7036B /* LogInViewController.swift in Sources */ = {isa = PBXBuildFile; fileRef = 8414123227DE4E2600F7036B /* LogInViewController.swift */; };
		8414123627DE4E2600F7036B /* LogIn.storyboard in Resources */ = {isa = PBXBuildFile; fileRef = 8414123427DE4E2600F7036B /* LogIn.storyboard */; };
		8414123827DE4E2800F7036B /* Assets.xcassets in Resources */ = {isa = PBXBuildFile; fileRef = 8414123727DE4E2800F7036B /* Assets.xcassets */; };
		8414123B27DE4E2800F7036B /* LaunchScreen.storyboard in Resources */ = {isa = PBXBuildFile; fileRef = 8414123927DE4E2800F7036B /* LaunchScreen.storyboard */; };
		8414124727DE4F6100F7036B /* UIView.swift in Sources */ = {isa = PBXBuildFile; fileRef = 8414124627DE4F6100F7036B /* UIView.swift */; };
		8414124927DE4F6F00F7036B /* UIColor.swift in Sources */ = {isa = PBXBuildFile; fileRef = 8414124827DE4F6F00F7036B /* UIColor.swift */; };
		8414125D27DE528600F7036B /* RegisterViewController.swift in Sources */ = {isa = PBXBuildFile; fileRef = 8414125C27DE528600F7036B /* RegisterViewController.swift */; };
		8414125F27DE529B00F7036B /* ConversationsViewController.swift in Sources */ = {isa = PBXBuildFile; fileRef = 8414125E27DE529B00F7036B /* ConversationsViewController.swift */; };
		8414126127DE52BA00F7036B /* Register.storyboard in Resources */ = {isa = PBXBuildFile; fileRef = 8414126027DE52BA00F7036B /* Register.storyboard */; };
		8414126327DE52D300F7036B /* Conversations.storyboard in Resources */ = {isa = PBXBuildFile; fileRef = 8414126227DE52D300F7036B /* Conversations.storyboard */; };
		8414126527DE587100F7036B /* ConversationsInteractor.swift in Sources */ = {isa = PBXBuildFile; fileRef = 8414126427DE587100F7036B /* ConversationsInteractor.swift */; };
		8414126727DE87C700F7036B /* ConversationPresenter.swift in Sources */ = {isa = PBXBuildFile; fileRef = 8414126627DE87C700F7036B /* ConversationPresenter.swift */; };
		8414126927DE87D700F7036B /* ConversationProtocol.swift in Sources */ = {isa = PBXBuildFile; fileRef = 8414126827DE87D700F7036B /* ConversationProtocol.swift */; };
		8414126B27DE87E700F7036B /* ConversationRouter.swift in Sources */ = {isa = PBXBuildFile; fileRef = 8414126A27DE87E700F7036B /* ConversationRouter.swift */; };
		8414126E27DF2C6D00F7036B /* AppManager.swift in Sources */ = {isa = PBXBuildFile; fileRef = 8414126D27DF2C6D00F7036B /* AppManager.swift */; };
		8414127027DF30A400F7036B /* LogInInteractor.swift in Sources */ = {isa = PBXBuildFile; fileRef = 8414126F27DF30A400F7036B /* LogInInteractor.swift */; };
		8414127227DF30B300F7036B /* LogInPresenter.swift in Sources */ = {isa = PBXBuildFile; fileRef = 8414127127DF30B300F7036B /* LogInPresenter.swift */; };
		8414127527DF30D000F7036B /* LogInProtocols.swift in Sources */ = {isa = PBXBuildFile; fileRef = 8414127427DF30D000F7036B /* LogInProtocols.swift */; };
		8414127727DF30DE00F7036B /* LogInRouter.swift in Sources */ = {isa = PBXBuildFile; fileRef = 8414127627DF30DE00F7036B /* LogInRouter.swift */; };
		8414127927E0BA5900F7036B /* RegisterProtocols.swift in Sources */ = {isa = PBXBuildFile; fileRef = 8414127827E0BA5900F7036B /* RegisterProtocols.swift */; };
		8414127B27E0BA6900F7036B /* RegisterInteractor.swift in Sources */ = {isa = PBXBuildFile; fileRef = 8414127A27E0BA6900F7036B /* RegisterInteractor.swift */; };
		8414127D27E0BA7400F7036B /* RegisterPresenter.swift in Sources */ = {isa = PBXBuildFile; fileRef = 8414127C27E0BA7400F7036B /* RegisterPresenter.swift */; };
		8414127F27E0BA8100F7036B /* RegisterRouter.swift in Sources */ = {isa = PBXBuildFile; fileRef = 8414127E27E0BA8100F7036B /* RegisterRouter.swift */; };
		8414128227E0CF4C00F7036B /* Storyboardable.swift in Sources */ = {isa = PBXBuildFile; fileRef = 8414128127E0CF4C00F7036B /* Storyboardable.swift */; };
		CC1F23452819903100663B4B /* NewConversationViewController.swift in Sources */ = {isa = PBXBuildFile; fileRef = CC1F23442819903100663B4B /* NewConversationViewController.swift */; };
		CC1F23472819905700663B4B /* NewConversationInteractor.swift in Sources */ = {isa = PBXBuildFile; fileRef = CC1F23462819905700663B4B /* NewConversationInteractor.swift */; };
		CC1F23492819906700663B4B /* NewConversationPresenter.swift in Sources */ = {isa = PBXBuildFile; fileRef = CC1F23482819906700663B4B /* NewConversationPresenter.swift */; };
		CC1F234C2819908200663B4B /* NewConversationProtocols.swift in Sources */ = {isa = PBXBuildFile; fileRef = CC1F234B2819908200663B4B /* NewConversationProtocols.swift */; };
		CC1F234E2819908D00663B4B /* NewConversationRouter.swift in Sources */ = {isa = PBXBuildFile; fileRef = CC1F234D2819908D00663B4B /* NewConversationRouter.swift */; };
		CC1F23502819913C00663B4B /* NewConversation.storyboard in Resources */ = {isa = PBXBuildFile; fileRef = CC1F234F2819913C00663B4B /* NewConversation.storyboard */; };
		CC2206DC28206907005FBABC /* Pods_FireBaseChatAppVıper.framework in Frameworks */ = {isa = PBXBuildFile; fileRef = CC2206DB28206907005FBABC /* Pods_FireBaseChatAppVıper.framework */; };
		CC2206DE28206925005FBABC /* FirebaseAuth.framework in Frameworks */ = {isa = PBXBuildFile; fileRef = CC2206DD28206925005FBABC /* FirebaseAuth.framework */; };
		CC2206E028206925005FBABC /* FirebaseCore.framework in Frameworks */ = {isa = PBXBuildFile; fileRef = CC2206DF28206925005FBABC /* FirebaseCore.framework */; };
		CC2206E228206925005FBABC /* FirebaseCoreDiagnostics.framework in Frameworks */ = {isa = PBXBuildFile; fileRef = CC2206E128206925005FBABC /* FirebaseCoreDiagnostics.framework */; };
		CC2206E428206925005FBABC /* FirebaseDatabase.framework in Frameworks */ = {isa = PBXBuildFile; fileRef = CC2206E328206925005FBABC /* FirebaseDatabase.framework */; };
		CC2206E628206925005FBABC /* FirebaseFirestore.framework in Frameworks */ = {isa = PBXBuildFile; fileRef = CC2206E528206925005FBABC /* FirebaseFirestore.framework */; };
		CC2206E828206925005FBABC /* FirebaseStorage.framework in Frameworks */ = {isa = PBXBuildFile; fileRef = CC2206E728206925005FBABC /* FirebaseStorage.framework */; };
		CC2206EB28206A03005FBABC /* FireBaseStorageManager.swift in Sources */ = {isa = PBXBuildFile; fileRef = CC2206EA28206A03005FBABC /* FireBaseStorageManager.swift */; };
		CCB02EAC2817F9D8004C04B0 /* JGProgressHUD.framework in Frameworks */ = {isa = PBXBuildFile; fileRef = CCB02EAB2817F9D8004C04B0 /* JGProgressHUD.framework */; };
		CCB02EAE2817F9D8004C04B0 /* MessageKit.framework in Frameworks */ = {isa = PBXBuildFile; fileRef = CCB02EAD2817F9D8004C04B0 /* MessageKit.framework */; };
		CCB02EB02817F9D8004C04B0 /* Realm.framework in Frameworks */ = {isa = PBXBuildFile; fileRef = CCB02EAF2817F9D8004C04B0 /* Realm.framework */; };
		CCB02EB22817F9D8004C04B0 /* RealmSwift.framework in Frameworks */ = {isa = PBXBuildFile; fileRef = CCB02EB12817F9D8004C04B0 /* RealmSwift.framework */; };
		CCB02EB42817F9D8004C04B0 /* SDWebImage.framework in Frameworks */ = {isa = PBXBuildFile; fileRef = CCB02EB32817F9D8004C04B0 /* SDWebImage.framework */; };
		CCB02EBC28180587004C04B0 /* ChatViewController.swift in Sources */ = {isa = PBXBuildFile; fileRef = CCB02EBB28180587004C04B0 /* ChatViewController.swift */; };
		CCB02EBE281805A7004C04B0 /* ChatInteractor.swift in Sources */ = {isa = PBXBuildFile; fileRef = CCB02EBD281805A7004C04B0 /* ChatInteractor.swift */; };
		CCB02EC0281805B8004C04B0 /* ChatPresenter.swift in Sources */ = {isa = PBXBuildFile; fileRef = CCB02EBF281805B8004C04B0 /* ChatPresenter.swift */; };
		CCB02EC2281805C7004C04B0 /* ChatProtocols.swift in Sources */ = {isa = PBXBuildFile; fileRef = CCB02EC1281805C7004C04B0 /* ChatProtocols.swift */; };
		CCB02EC4281805D4004C04B0 /* ChatRouter.swift in Sources */ = {isa = PBXBuildFile; fileRef = CCB02EC3281805D4004C04B0 /* ChatRouter.swift */; };
		CCB02EC6281806BE004C04B0 /* Chat.storyboard in Resources */ = {isa = PBXBuildFile; fileRef = CCB02EC5281806BE004C04B0 /* Chat.storyboard */; };
		CCB02ECB28180F20004C04B0 /* Message.swift in Sources */ = {isa = PBXBuildFile; fileRef = CCB02ECA28180F20004C04B0 /* Message.swift */; };
		CCB02ECD28180F98004C04B0 /* Sender.swift in Sources */ = {isa = PBXBuildFile; fileRef = CCB02ECC28180F98004C04B0 /* Sender.swift */; };
		CCE1D2B627F5E96D00D06BDB /* GoogleService-Info.plist in Resources */ = {isa = PBXBuildFile; fileRef = CCE1D2B527F5E96D00D06BDB /* GoogleService-Info.plist */; };
		CCE1D2B927FB22CA00D06BDB /* FireBaseDatabaseManager.swift in Sources */ = {isa = PBXBuildFile; fileRef = CCE1D2B827FB22CA00D06BDB /* FireBaseDatabaseManager.swift */; };
		CCE1D2BB27FB24B100D06BDB /* ChatAppUser.swift in Sources */ = {isa = PBXBuildFile; fileRef = CCE1D2BA27FB24B100D06BDB /* ChatAppUser.swift */; };
		CCE1D2BE27FC6DDF00D06BDB /* ChatAppTabBarController.swift in Sources */ = {isa = PBXBuildFile; fileRef = CCE1D2BD27FC6DDF00D06BDB /* ChatAppTabBarController.swift */; };
		CCE1D2C027FC6EC300D06BDB /* ChatAppTabBarBuilder.swift in Sources */ = {isa = PBXBuildFile; fileRef = CCE1D2BF27FC6EC300D06BDB /* ChatAppTabBarBuilder.swift */; };
		CCE1D2C227FC6F2000D06BDB /* ChatAppTabBarRouter.swift in Sources */ = {isa = PBXBuildFile; fileRef = CCE1D2C127FC6F2000D06BDB /* ChatAppTabBarRouter.swift */; };
		CCE1D2CA27FC77AB00D06BDB /* ProfileViewController.swift in Sources */ = {isa = PBXBuildFile; fileRef = CCE1D2C927FC77AB00D06BDB /* ProfileViewController.swift */; };
		CCE1D2CC27FC77CA00D06BDB /* ProfileInteractor.swift in Sources */ = {isa = PBXBuildFile; fileRef = CCE1D2CB27FC77CA00D06BDB /* ProfileInteractor.swift */; };
		CCE1D2CE27FC77D800D06BDB /* ProfilePresenter.swift in Sources */ = {isa = PBXBuildFile; fileRef = CCE1D2CD27FC77D800D06BDB /* ProfilePresenter.swift */; };
		CCE1D2D027FC77E500D06BDB /* ProfileProtocols.swift in Sources */ = {isa = PBXBuildFile; fileRef = CCE1D2CF27FC77E500D06BDB /* ProfileProtocols.swift */; };
		CCE1D2D227FC77F800D06BDB /* ProfileRouter.swift in Sources */ = {isa = PBXBuildFile; fileRef = CCE1D2D127FC77F800D06BDB /* ProfileRouter.swift */; };
		CCE1D2D427FC7A7600D06BDB /* Profile.storyboard in Resources */ = {isa = PBXBuildFile; fileRef = CCE1D2D327FC7A7600D06BDB /* Profile.storyboard */; };
		CCE1D2D727FEF35F00D06BDB /* K.swift in Sources */ = {isa = PBXBuildFile; fileRef = CCE1D2D627FEF35F00D06BDB /* K.swift */; };
		CCE1D2D92800331300D06BDB /* FBAEMKit.xcframework in Frameworks */ = {isa = PBXBuildFile; fileRef = CCE1D2D82800331300D06BDB /* FBAEMKit.xcframework */; };
		CCE1D2DB2800336400D06BDB /* FBSDKCoreKit_Basics.xcframework in Frameworks */ = {isa = PBXBuildFile; fileRef = CCE1D2DA2800336400D06BDB /* FBSDKCoreKit_Basics.xcframework */; };
		CCE1D2DD2800336400D06BDB /* FBSDKCoreKit.xcframework in Frameworks */ = {isa = PBXBuildFile; fileRef = CCE1D2DC2800336400D06BDB /* FBSDKCoreKit.xcframework */; };
		CCE1D2DF2800336400D06BDB /* FBSDKLoginKit.xcframework in Frameworks */ = {isa = PBXBuildFile; fileRef = CCE1D2DE2800336400D06BDB /* FBSDKLoginKit.xcframework */; };
		CCE65F1F27E922D5002ED848 /* AlertController.swift in Sources */ = {isa = PBXBuildFile; fileRef = CCE65F1E27E922D5002ED848 /* AlertController.swift */; };
		CCEC0E14282A878100D19EF0 /* ConversationTableViewCell.swift in Sources */ = {isa = PBXBuildFile; fileRef = CCEC0E13282A878100D19EF0 /* ConversationTableViewCell.swift */; };
		CCEC0E17282A8E4B00D19EF0 /* Conversation.swift in Sources */ = {isa = PBXBuildFile; fileRef = CCEC0E16282A8E4B00D19EF0 /* Conversation.swift */; };
		CCEC0E19282A8E5800D19EF0 /* LatestMessage.swift in Sources */ = {isa = PBXBuildFile; fileRef = CCEC0E18282A8E5800D19EF0 /* LatestMessage.swift */; };
		CCFD993128259BDE009E75FB /* MessageKind.swift in Sources */ = {isa = PBXBuildFile; fileRef = CCFD993028259BDE009E75FB /* MessageKind.swift */; };
/* End PBXBuildFile section */

/* Begin PBXFileReference section */
		1FEE5A557743F88FCE05173D /* Pods-FireBaseChatAppVıper.debug.xcconfig */ = {isa = PBXFileReference; includeInIndex = 1; lastKnownFileType = text.xcconfig; name = "Pods-FireBaseChatAppVıper.debug.xcconfig"; path = "Target Support Files/Pods-FireBaseChatAppVıper/Pods-FireBaseChatAppVıper.debug.xcconfig"; sourceTree = "<group>"; };
		3414850B26C50A0C19191F71 /* Pods_FireBaseChatAppV_per.framework */ = {isa = PBXFileReference; explicitFileType = wrapper.framework; includeInIndex = 0; path = Pods_FireBaseChatAppV_per.framework; sourceTree = BUILT_PRODUCTS_DIR; };
		585F5EE58749269DFD4C8741 /* Pods-FireBaseChatAppVıper.release.xcconfig */ = {isa = PBXFileReference; includeInIndex = 1; lastKnownFileType = text.xcconfig; name = "Pods-FireBaseChatAppVıper.release.xcconfig"; path = "Target Support Files/Pods-FireBaseChatAppVıper/Pods-FireBaseChatAppVıper.release.xcconfig"; sourceTree = "<group>"; };
		8414122B27DE4E2600F7036B /* FireBaseChatAppVıper.app */ = {isa = PBXFileReference; explicitFileType = wrapper.application; includeInIndex = 0; path = "FireBaseChatAppVıper.app"; sourceTree = BUILT_PRODUCTS_DIR; };
		8414122E27DE4E2600F7036B /* AppDelegate.swift */ = {isa = PBXFileReference; lastKnownFileType = sourcecode.swift; path = AppDelegate.swift; sourceTree = "<group>"; };
		8414123027DE4E2600F7036B /* SceneDelegate.swift */ = {isa = PBXFileReference; lastKnownFileType = sourcecode.swift; path = SceneDelegate.swift; sourceTree = "<group>"; };
		8414123227DE4E2600F7036B /* LogInViewController.swift */ = {isa = PBXFileReference; lastKnownFileType = sourcecode.swift; path = LogInViewController.swift; sourceTree = "<group>"; };
		8414123527DE4E2600F7036B /* Base */ = {isa = PBXFileReference; lastKnownFileType = file.storyboard; name = Base; path = Base.lproj/LogIn.storyboard; sourceTree = "<group>"; };
		8414123727DE4E2800F7036B /* Assets.xcassets */ = {isa = PBXFileReference; lastKnownFileType = folder.assetcatalog; path = Assets.xcassets; sourceTree = "<group>"; };
		8414123A27DE4E2800F7036B /* Base */ = {isa = PBXFileReference; lastKnownFileType = file.storyboard; name = Base; path = Base.lproj/LaunchScreen.storyboard; sourceTree = "<group>"; };
		8414123C27DE4E2800F7036B /* Info.plist */ = {isa = PBXFileReference; lastKnownFileType = text.plist.xml; path = Info.plist; sourceTree = "<group>"; };
		8414124627DE4F6100F7036B /* UIView.swift */ = {isa = PBXFileReference; lastKnownFileType = sourcecode.swift; path = UIView.swift; sourceTree = "<group>"; };
		8414124827DE4F6F00F7036B /* UIColor.swift */ = {isa = PBXFileReference; lastKnownFileType = sourcecode.swift; path = UIColor.swift; sourceTree = "<group>"; };
		8414125C27DE528600F7036B /* RegisterViewController.swift */ = {isa = PBXFileReference; lastKnownFileType = sourcecode.swift; path = RegisterViewController.swift; sourceTree = "<group>"; };
		8414125E27DE529B00F7036B /* ConversationsViewController.swift */ = {isa = PBXFileReference; lastKnownFileType = sourcecode.swift; path = ConversationsViewController.swift; sourceTree = "<group>"; };
		8414126027DE52BA00F7036B /* Register.storyboard */ = {isa = PBXFileReference; lastKnownFileType = file.storyboard; path = Register.storyboard; sourceTree = "<group>"; };
		8414126227DE52D300F7036B /* Conversations.storyboard */ = {isa = PBXFileReference; lastKnownFileType = file.storyboard; path = Conversations.storyboard; sourceTree = "<group>"; };
		8414126427DE587100F7036B /* ConversationsInteractor.swift */ = {isa = PBXFileReference; lastKnownFileType = sourcecode.swift; path = ConversationsInteractor.swift; sourceTree = "<group>"; };
		8414126627DE87C700F7036B /* ConversationPresenter.swift */ = {isa = PBXFileReference; lastKnownFileType = sourcecode.swift; path = ConversationPresenter.swift; sourceTree = "<group>"; };
		8414126827DE87D700F7036B /* ConversationProtocol.swift */ = {isa = PBXFileReference; lastKnownFileType = sourcecode.swift; path = ConversationProtocol.swift; sourceTree = "<group>"; };
		8414126A27DE87E700F7036B /* ConversationRouter.swift */ = {isa = PBXFileReference; lastKnownFileType = sourcecode.swift; path = ConversationRouter.swift; sourceTree = "<group>"; };
		8414126D27DF2C6D00F7036B /* AppManager.swift */ = {isa = PBXFileReference; lastKnownFileType = sourcecode.swift; path = AppManager.swift; sourceTree = "<group>"; };
		8414126F27DF30A400F7036B /* LogInInteractor.swift */ = {isa = PBXFileReference; lastKnownFileType = sourcecode.swift; path = LogInInteractor.swift; sourceTree = "<group>"; };
		8414127127DF30B300F7036B /* LogInPresenter.swift */ = {isa = PBXFileReference; lastKnownFileType = sourcecode.swift; path = LogInPresenter.swift; sourceTree = "<group>"; };
		8414127427DF30D000F7036B /* LogInProtocols.swift */ = {isa = PBXFileReference; lastKnownFileType = sourcecode.swift; path = LogInProtocols.swift; sourceTree = "<group>"; };
		8414127627DF30DE00F7036B /* LogInRouter.swift */ = {isa = PBXFileReference; lastKnownFileType = sourcecode.swift; path = LogInRouter.swift; sourceTree = "<group>"; };
		8414127827E0BA5900F7036B /* RegisterProtocols.swift */ = {isa = PBXFileReference; lastKnownFileType = sourcecode.swift; path = RegisterProtocols.swift; sourceTree = "<group>"; };
		8414127A27E0BA6900F7036B /* RegisterInteractor.swift */ = {isa = PBXFileReference; lastKnownFileType = sourcecode.swift; path = RegisterInteractor.swift; sourceTree = "<group>"; };
		8414127C27E0BA7400F7036B /* RegisterPresenter.swift */ = {isa = PBXFileReference; lastKnownFileType = sourcecode.swift; path = RegisterPresenter.swift; sourceTree = "<group>"; };
		8414127E27E0BA8100F7036B /* RegisterRouter.swift */ = {isa = PBXFileReference; lastKnownFileType = sourcecode.swift; path = RegisterRouter.swift; sourceTree = "<group>"; };
		8414128127E0CF4C00F7036B /* Storyboardable.swift */ = {isa = PBXFileReference; lastKnownFileType = sourcecode.swift; path = Storyboardable.swift; sourceTree = "<group>"; };
		CC1F23442819903100663B4B /* NewConversationViewController.swift */ = {isa = PBXFileReference; lastKnownFileType = sourcecode.swift; path = NewConversationViewController.swift; sourceTree = "<group>"; };
		CC1F23462819905700663B4B /* NewConversationInteractor.swift */ = {isa = PBXFileReference; lastKnownFileType = sourcecode.swift; path = NewConversationInteractor.swift; sourceTree = "<group>"; };
		CC1F23482819906700663B4B /* NewConversationPresenter.swift */ = {isa = PBXFileReference; lastKnownFileType = sourcecode.swift; path = NewConversationPresenter.swift; sourceTree = "<group>"; };
		CC1F234B2819908200663B4B /* NewConversationProtocols.swift */ = {isa = PBXFileReference; lastKnownFileType = sourcecode.swift; path = NewConversationProtocols.swift; sourceTree = "<group>"; };
		CC1F234D2819908D00663B4B /* NewConversationRouter.swift */ = {isa = PBXFileReference; lastKnownFileType = sourcecode.swift; path = NewConversationRouter.swift; sourceTree = "<group>"; };
		CC1F234F2819913C00663B4B /* NewConversation.storyboard */ = {isa = PBXFileReference; lastKnownFileType = file.storyboard; path = NewConversation.storyboard; sourceTree = "<group>"; };
		CC2206DB28206907005FBABC /* Pods_FireBaseChatAppVıper.framework */ = {isa = PBXFileReference; explicitFileType = wrapper.framework; path = "Pods_FireBaseChatAppVıper.framework"; sourceTree = BUILT_PRODUCTS_DIR; };
		CC2206DD28206925005FBABC /* FirebaseAuth.framework */ = {isa = PBXFileReference; explicitFileType = wrapper.framework; path = FirebaseAuth.framework; sourceTree = BUILT_PRODUCTS_DIR; };
		CC2206DF28206925005FBABC /* FirebaseCore.framework */ = {isa = PBXFileReference; explicitFileType = wrapper.framework; path = FirebaseCore.framework; sourceTree = BUILT_PRODUCTS_DIR; };
		CC2206E128206925005FBABC /* FirebaseCoreDiagnostics.framework */ = {isa = PBXFileReference; explicitFileType = wrapper.framework; path = FirebaseCoreDiagnostics.framework; sourceTree = BUILT_PRODUCTS_DIR; };
		CC2206E328206925005FBABC /* FirebaseDatabase.framework */ = {isa = PBXFileReference; explicitFileType = wrapper.framework; path = FirebaseDatabase.framework; sourceTree = BUILT_PRODUCTS_DIR; };
		CC2206E528206925005FBABC /* FirebaseFirestore.framework */ = {isa = PBXFileReference; explicitFileType = wrapper.framework; path = FirebaseFirestore.framework; sourceTree = BUILT_PRODUCTS_DIR; };
		CC2206E728206925005FBABC /* FirebaseStorage.framework */ = {isa = PBXFileReference; explicitFileType = wrapper.framework; path = FirebaseStorage.framework; sourceTree = BUILT_PRODUCTS_DIR; };
		CC2206EA28206A03005FBABC /* FireBaseStorageManager.swift */ = {isa = PBXFileReference; lastKnownFileType = sourcecode.swift; path = FireBaseStorageManager.swift; sourceTree = "<group>"; };
		CCB02EAB2817F9D8004C04B0 /* JGProgressHUD.framework */ = {isa = PBXFileReference; explicitFileType = wrapper.framework; path = JGProgressHUD.framework; sourceTree = BUILT_PRODUCTS_DIR; };
		CCB02EAD2817F9D8004C04B0 /* MessageKit.framework */ = {isa = PBXFileReference; explicitFileType = wrapper.framework; path = MessageKit.framework; sourceTree = BUILT_PRODUCTS_DIR; };
		CCB02EAF2817F9D8004C04B0 /* Realm.framework */ = {isa = PBXFileReference; explicitFileType = wrapper.framework; path = Realm.framework; sourceTree = BUILT_PRODUCTS_DIR; };
		CCB02EB12817F9D8004C04B0 /* RealmSwift.framework */ = {isa = PBXFileReference; explicitFileType = wrapper.framework; path = RealmSwift.framework; sourceTree = BUILT_PRODUCTS_DIR; };
		CCB02EB32817F9D8004C04B0 /* SDWebImage.framework */ = {isa = PBXFileReference; explicitFileType = wrapper.framework; path = SDWebImage.framework; sourceTree = BUILT_PRODUCTS_DIR; };
		CCB02EBB28180587004C04B0 /* ChatViewController.swift */ = {isa = PBXFileReference; lastKnownFileType = sourcecode.swift; path = ChatViewController.swift; sourceTree = "<group>"; };
		CCB02EBD281805A7004C04B0 /* ChatInteractor.swift */ = {isa = PBXFileReference; lastKnownFileType = sourcecode.swift; path = ChatInteractor.swift; sourceTree = "<group>"; };
		CCB02EBF281805B8004C04B0 /* ChatPresenter.swift */ = {isa = PBXFileReference; lastKnownFileType = sourcecode.swift; path = ChatPresenter.swift; sourceTree = "<group>"; };
		CCB02EC1281805C7004C04B0 /* ChatProtocols.swift */ = {isa = PBXFileReference; lastKnownFileType = sourcecode.swift; path = ChatProtocols.swift; sourceTree = "<group>"; };
		CCB02EC3281805D4004C04B0 /* ChatRouter.swift */ = {isa = PBXFileReference; lastKnownFileType = sourcecode.swift; path = ChatRouter.swift; sourceTree = "<group>"; };
		CCB02EC5281806BE004C04B0 /* Chat.storyboard */ = {isa = PBXFileReference; lastKnownFileType = file.storyboard; path = Chat.storyboard; sourceTree = "<group>"; };
		CCB02ECA28180F20004C04B0 /* Message.swift */ = {isa = PBXFileReference; lastKnownFileType = sourcecode.swift; path = Message.swift; sourceTree = "<group>"; };
		CCB02ECC28180F98004C04B0 /* Sender.swift */ = {isa = PBXFileReference; lastKnownFileType = sourcecode.swift; path = Sender.swift; sourceTree = "<group>"; };
		CCE1D2B527F5E96D00D06BDB /* GoogleService-Info.plist */ = {isa = PBXFileReference; fileEncoding = 4; lastKnownFileType = text.plist.xml; name = "GoogleService-Info.plist"; path = "../../../Downloads/GoogleService-Info.plist"; sourceTree = "<group>"; };
		CCE1D2B827FB22CA00D06BDB /* FireBaseDatabaseManager.swift */ = {isa = PBXFileReference; lastKnownFileType = sourcecode.swift; path = FireBaseDatabaseManager.swift; sourceTree = "<group>"; };
		CCE1D2BA27FB24B100D06BDB /* ChatAppUser.swift */ = {isa = PBXFileReference; lastKnownFileType = sourcecode.swift; path = ChatAppUser.swift; sourceTree = "<group>"; };
		CCE1D2BD27FC6DDF00D06BDB /* ChatAppTabBarController.swift */ = {isa = PBXFileReference; lastKnownFileType = sourcecode.swift; path = ChatAppTabBarController.swift; sourceTree = "<group>"; };
		CCE1D2BF27FC6EC300D06BDB /* ChatAppTabBarBuilder.swift */ = {isa = PBXFileReference; lastKnownFileType = sourcecode.swift; path = ChatAppTabBarBuilder.swift; sourceTree = "<group>"; };
		CCE1D2C127FC6F2000D06BDB /* ChatAppTabBarRouter.swift */ = {isa = PBXFileReference; lastKnownFileType = sourcecode.swift; path = ChatAppTabBarRouter.swift; sourceTree = "<group>"; };
		CCE1D2C927FC77AB00D06BDB /* ProfileViewController.swift */ = {isa = PBXFileReference; lastKnownFileType = sourcecode.swift; path = ProfileViewController.swift; sourceTree = "<group>"; };
		CCE1D2CB27FC77CA00D06BDB /* ProfileInteractor.swift */ = {isa = PBXFileReference; lastKnownFileType = sourcecode.swift; path = ProfileInteractor.swift; sourceTree = "<group>"; };
		CCE1D2CD27FC77D800D06BDB /* ProfilePresenter.swift */ = {isa = PBXFileReference; lastKnownFileType = sourcecode.swift; path = ProfilePresenter.swift; sourceTree = "<group>"; };
		CCE1D2CF27FC77E500D06BDB /* ProfileProtocols.swift */ = {isa = PBXFileReference; lastKnownFileType = sourcecode.swift; path = ProfileProtocols.swift; sourceTree = "<group>"; };
		CCE1D2D127FC77F800D06BDB /* ProfileRouter.swift */ = {isa = PBXFileReference; lastKnownFileType = sourcecode.swift; path = ProfileRouter.swift; sourceTree = "<group>"; };
		CCE1D2D327FC7A7600D06BDB /* Profile.storyboard */ = {isa = PBXFileReference; lastKnownFileType = file.storyboard; path = Profile.storyboard; sourceTree = "<group>"; };
		CCE1D2D627FEF35F00D06BDB /* K.swift */ = {isa = PBXFileReference; lastKnownFileType = sourcecode.swift; path = K.swift; sourceTree = "<group>"; };
		CCE1D2D82800331300D06BDB /* FBAEMKit.xcframework */ = {isa = PBXFileReference; lastKnownFileType = wrapper.xcframework; name = FBAEMKit.xcframework; path = Pods/FBAEMKit/XCFrameworks/FBAEMKit.xcframework; sourceTree = "<group>"; };
		CCE1D2DA2800336400D06BDB /* FBSDKCoreKit_Basics.xcframework */ = {isa = PBXFileReference; lastKnownFileType = wrapper.xcframework; name = FBSDKCoreKit_Basics.xcframework; path = Pods/FBSDKCoreKit_Basics/XCFrameworks/FBSDKCoreKit_Basics.xcframework; sourceTree = "<group>"; };
		CCE1D2DC2800336400D06BDB /* FBSDKCoreKit.xcframework */ = {isa = PBXFileReference; lastKnownFileType = wrapper.xcframework; name = FBSDKCoreKit.xcframework; path = Pods/FBSDKCoreKit/XCFrameworks/FBSDKCoreKit.xcframework; sourceTree = "<group>"; };
		CCE1D2DE2800336400D06BDB /* FBSDKLoginKit.xcframework */ = {isa = PBXFileReference; lastKnownFileType = wrapper.xcframework; name = FBSDKLoginKit.xcframework; path = Pods/FBSDKLoginKit/XCFrameworks/FBSDKLoginKit.xcframework; sourceTree = "<group>"; };
		CCE65F1E27E922D5002ED848 /* AlertController.swift */ = {isa = PBXFileReference; lastKnownFileType = sourcecode.swift; path = AlertController.swift; sourceTree = "<group>"; };
		CCEC0E13282A878100D19EF0 /* ConversationTableViewCell.swift */ = {isa = PBXFileReference; lastKnownFileType = sourcecode.swift; path = ConversationTableViewCell.swift; sourceTree = "<group>"; };
		CCEC0E16282A8E4B00D19EF0 /* Conversation.swift */ = {isa = PBXFileReference; lastKnownFileType = sourcecode.swift; path = Conversation.swift; sourceTree = "<group>"; };
		CCEC0E18282A8E5800D19EF0 /* LatestMessage.swift */ = {isa = PBXFileReference; lastKnownFileType = sourcecode.swift; path = LatestMessage.swift; sourceTree = "<group>"; };
		CCFD993028259BDE009E75FB /* MessageKind.swift */ = {isa = PBXFileReference; lastKnownFileType = sourcecode.swift; path = MessageKind.swift; sourceTree = "<group>"; };
/* End PBXFileReference section */

/* Begin PBXFrameworksBuildPhase section */
		8414122827DE4E2600F7036B /* Frameworks */ = {
			isa = PBXFrameworksBuildPhase;
			buildActionMask = 2147483647;
			files = (
				CC2206DE28206925005FBABC /* FirebaseAuth.framework in Frameworks */,
				CC2206E028206925005FBABC /* FirebaseCore.framework in Frameworks */,
				CC2206E228206925005FBABC /* FirebaseCoreDiagnostics.framework in Frameworks */,
				CC2206E428206925005FBABC /* FirebaseDatabase.framework in Frameworks */,
				CC2206E628206925005FBABC /* FirebaseFirestore.framework in Frameworks */,
				CC2206E828206925005FBABC /* FirebaseStorage.framework in Frameworks */,
				CC2206DC28206907005FBABC /* Pods_FireBaseChatAppVıper.framework in Frameworks */,
				CCB02EAC2817F9D8004C04B0 /* JGProgressHUD.framework in Frameworks */,
				CCB02EAE2817F9D8004C04B0 /* MessageKit.framework in Frameworks */,
				CCB02EB02817F9D8004C04B0 /* Realm.framework in Frameworks */,
				CCB02EB22817F9D8004C04B0 /* RealmSwift.framework in Frameworks */,
				CCB02EB42817F9D8004C04B0 /* SDWebImage.framework in Frameworks */,
				CCE1D2DB2800336400D06BDB /* FBSDKCoreKit_Basics.xcframework in Frameworks */,
				CCE1D2DD2800336400D06BDB /* FBSDKCoreKit.xcframework in Frameworks */,
				CCE1D2DF2800336400D06BDB /* FBSDKLoginKit.xcframework in Frameworks */,
				CCE1D2D92800331300D06BDB /* FBAEMKit.xcframework in Frameworks */,
			);
			runOnlyForDeploymentPostprocessing = 0;
		};
/* End PBXFrameworksBuildPhase section */

/* Begin PBXGroup section */
		02AAF2223DA1306E82832B00 /* Pods */ = {
			isa = PBXGroup;
			children = (
				1FEE5A557743F88FCE05173D /* Pods-FireBaseChatAppVıper.debug.xcconfig */,
				585F5EE58749269DFD4C8741 /* Pods-FireBaseChatAppVıper.release.xcconfig */,
			);
			path = Pods;
			sourceTree = "<group>";
		};
		4EBA5B670A1F392616B18D7C /* Frameworks */ = {
			isa = PBXGroup;
			children = (
				CC2206DD28206925005FBABC /* FirebaseAuth.framework */,
				CC2206DF28206925005FBABC /* FirebaseCore.framework */,
				CC2206E128206925005FBABC /* FirebaseCoreDiagnostics.framework */,
				CC2206E328206925005FBABC /* FirebaseDatabase.framework */,
				CC2206E528206925005FBABC /* FirebaseFirestore.framework */,
				CC2206E728206925005FBABC /* FirebaseStorage.framework */,
				CC2206DB28206907005FBABC /* Pods_FireBaseChatAppVıper.framework */,
				CCB02EAB2817F9D8004C04B0 /* JGProgressHUD.framework */,
				CCB02EAD2817F9D8004C04B0 /* MessageKit.framework */,
				CCB02EAF2817F9D8004C04B0 /* Realm.framework */,
				CCB02EB12817F9D8004C04B0 /* RealmSwift.framework */,
				CCB02EB32817F9D8004C04B0 /* SDWebImage.framework */,
				CCE1D2DA2800336400D06BDB /* FBSDKCoreKit_Basics.xcframework */,
				CCE1D2DC2800336400D06BDB /* FBSDKCoreKit.xcframework */,
				CCE1D2DE2800336400D06BDB /* FBSDKLoginKit.xcframework */,
				CCE1D2D82800331300D06BDB /* FBAEMKit.xcframework */,
				3414850B26C50A0C19191F71 /* Pods_FireBaseChatAppV_per.framework */,
			);
			name = Frameworks;
			sourceTree = "<group>";
		};
		8414122227DE4E2600F7036B = {
			isa = PBXGroup;
			children = (
				8414122D27DE4E2600F7036B /* FireBaseChatAppVıper */,
				8414122C27DE4E2600F7036B /* Products */,
				02AAF2223DA1306E82832B00 /* Pods */,
				4EBA5B670A1F392616B18D7C /* Frameworks */,
			);
			sourceTree = "<group>";
		};
		8414122C27DE4E2600F7036B /* Products */ = {
			isa = PBXGroup;
			children = (
				8414122B27DE4E2600F7036B /* FireBaseChatAppVıper.app */,
			);
			name = Products;
			sourceTree = "<group>";
		};
		8414122D27DE4E2600F7036B /* FireBaseChatAppVıper */ = {
			isa = PBXGroup;
			children = (
				8414124327DE4E9D00F7036B /* Modules */,
				8414124427DE4EAA00F7036B /* Utilities */,
				8414126C27DF2C5A00F7036B /* AppManager */,
				CCE1D2B727FB22A900D06BDB /* DatabaseManager */,
				CC2206E9282069E3005FBABC /* StorageManager */,
				8414124227DE4E9100F7036B /* Core */,
				8414123927DE4E2800F7036B /* LaunchScreen.storyboard */,
				8414123C27DE4E2800F7036B /* Info.plist */,
				CCE1D2B527F5E96D00D06BDB /* GoogleService-Info.plist */,
			);
			path = "FireBaseChatAppVıper";
			sourceTree = "<group>";
		};
		8414124227DE4E9100F7036B /* Core */ = {
			isa = PBXGroup;
			children = (
				8414123027DE4E2600F7036B /* SceneDelegate.swift */,
				8414122E27DE4E2600F7036B /* AppDelegate.swift */,
				8414123727DE4E2800F7036B /* Assets.xcassets */,
			);
			path = Core;
			sourceTree = "<group>";
		};
		8414124327DE4E9D00F7036B /* Modules */ = {
			isa = PBXGroup;
			children = (
				CCE1D2BC27FC6DC300D06BDB /* ChatAppTabBarController */,
				CC1F233E28198FB700663B4B /* NewConversation */,
				CCB02EB528180502004C04B0 /* Chat */,
				8414124C27DE50BD00F7036B /* Conversation */,
				8414124B27DE50AA00F7036B /* Register */,
				8414124A27DE509400F7036B /* LogIn */,
				CCE1D2C327FC772100D06BDB /* Profile */,
			);
			path = Modules;
			sourceTree = "<group>";
		};
		8414124427DE4EAA00F7036B /* Utilities */ = {
			isa = PBXGroup;
			children = (
				CCE1D2D527FEF34E00D06BDB /* Constants */,
				CCE65F1D27E922BD002ED848 /* AlertController */,
				8414124527DE4F4400F7036B /* Extensions */,
			);
			path = Utilities;
			sourceTree = "<group>";
		};
		8414124527DE4F4400F7036B /* Extensions */ = {
			isa = PBXGroup;
			children = (
				8414124627DE4F6100F7036B /* UIView.swift */,
				8414124827DE4F6F00F7036B /* UIColor.swift */,
				8414128127E0CF4C00F7036B /* Storyboardable.swift */,
			);
			path = Extensions;
			sourceTree = "<group>";
		};
		8414124A27DE509400F7036B /* LogIn */ = {
			isa = PBXGroup;
			children = (
				8414124D27DE50D300F7036B /* View */,
				8414125027DE50F300F7036B /* Interactor */,
				8414125127DE511400F7036B /* Presenter */,
				8414124F27DE50EA00F7036B /* Protocols */,
				8414124E27DE50E200F7036B /* Router */,
			);
			path = LogIn;
			sourceTree = "<group>";
		};
		8414124B27DE50AA00F7036B /* Register */ = {
			isa = PBXGroup;
			children = (
				8414125627DE522700F7036B /* View */,
				8414125527DE521B00F7036B /* Interactor */,
				8414125427DE520F00F7036B /* Presenter */,
				8414125327DE520400F7036B /* Protocols */,
				8414125227DE51FE00F7036B /* Router */,
			);
			path = Register;
			sourceTree = "<group>";
		};
		8414124C27DE50BD00F7036B /* Conversation */ = {
			isa = PBXGroup;
			children = (
				8414125B27DE525600F7036B /* View */,
				8414125A27DE524E00F7036B /* Interactor */,
				8414125927DE524400F7036B /* Presenter */,
				8414125827DE523A00F7036B /* Protocols */,
				8414125727DE523000F7036B /* Router */,
			);
			path = Conversation;
			sourceTree = "<group>";
		};
		8414124D27DE50D300F7036B /* View */ = {
			isa = PBXGroup;
			children = (
				8414123227DE4E2600F7036B /* LogInViewController.swift */,
				8414123427DE4E2600F7036B /* LogIn.storyboard */,
			);
			path = View;
			sourceTree = "<group>";
		};
		8414124E27DE50E200F7036B /* Router */ = {
			isa = PBXGroup;
			children = (
				8414127627DF30DE00F7036B /* LogInRouter.swift */,
			);
			path = Router;
			sourceTree = "<group>";
		};
		8414124F27DE50EA00F7036B /* Protocols */ = {
			isa = PBXGroup;
			children = (
				8414127427DF30D000F7036B /* LogInProtocols.swift */,
			);
			path = Protocols;
			sourceTree = "<group>";
		};
		8414125027DE50F300F7036B /* Interactor */ = {
			isa = PBXGroup;
			children = (
				8414126F27DF30A400F7036B /* LogInInteractor.swift */,
			);
			path = Interactor;
			sourceTree = "<group>";
		};
		8414125127DE511400F7036B /* Presenter */ = {
			isa = PBXGroup;
			children = (
				8414127127DF30B300F7036B /* LogInPresenter.swift */,
			);
			path = Presenter;
			sourceTree = "<group>";
		};
		8414125227DE51FE00F7036B /* Router */ = {
			isa = PBXGroup;
			children = (
				8414127E27E0BA8100F7036B /* RegisterRouter.swift */,
			);
			path = Router;
			sourceTree = "<group>";
		};
		8414125327DE520400F7036B /* Protocols */ = {
			isa = PBXGroup;
			children = (
				8414127827E0BA5900F7036B /* RegisterProtocols.swift */,
			);
			path = Protocols;
			sourceTree = "<group>";
		};
		8414125427DE520F00F7036B /* Presenter */ = {
			isa = PBXGroup;
			children = (
				8414127C27E0BA7400F7036B /* RegisterPresenter.swift */,
			);
			path = Presenter;
			sourceTree = "<group>";
		};
		8414125527DE521B00F7036B /* Interactor */ = {
			isa = PBXGroup;
			children = (
				8414127A27E0BA6900F7036B /* RegisterInteractor.swift */,
			);
			path = Interactor;
			sourceTree = "<group>";
		};
		8414125627DE522700F7036B /* View */ = {
			isa = PBXGroup;
			children = (
				8414125C27DE528600F7036B /* RegisterViewController.swift */,
				8414126027DE52BA00F7036B /* Register.storyboard */,
			);
			path = View;
			sourceTree = "<group>";
		};
		8414125727DE523000F7036B /* Router */ = {
			isa = PBXGroup;
			children = (
				8414126A27DE87E700F7036B /* ConversationRouter.swift */,
			);
			path = Router;
			sourceTree = "<group>";
		};
		8414125827DE523A00F7036B /* Protocols */ = {
			isa = PBXGroup;
			children = (
				8414126827DE87D700F7036B /* ConversationProtocol.swift */,
			);
			path = Protocols;
			sourceTree = "<group>";
		};
		8414125927DE524400F7036B /* Presenter */ = {
			isa = PBXGroup;
			children = (
				8414126627DE87C700F7036B /* ConversationPresenter.swift */,
			);
			path = Presenter;
			sourceTree = "<group>";
		};
		8414125A27DE524E00F7036B /* Interactor */ = {
			isa = PBXGroup;
			children = (
				8414126427DE587100F7036B /* ConversationsInteractor.swift */,
			);
			path = Interactor;
			sourceTree = "<group>";
		};
		8414125B27DE525600F7036B /* View */ = {
			isa = PBXGroup;
			children = (
				CCEC0E15282A8E3700D19EF0 /* ConversationModel */,
				CCEC0E12282A876700D19EF0 /* ConversationCell */,
				8414125E27DE529B00F7036B /* ConversationsViewController.swift */,
				8414126227DE52D300F7036B /* Conversations.storyboard */,
			);
			path = View;
			sourceTree = "<group>";
		};
		8414126C27DF2C5A00F7036B /* AppManager */ = {
			isa = PBXGroup;
			children = (
				8414126D27DF2C6D00F7036B /* AppManager.swift */,
			);
			path = AppManager;
			sourceTree = "<group>";
		};
		CC1F233E28198FB700663B4B /* NewConversation */ = {
			isa = PBXGroup;
			children = (
				CC1F23432819901800663B4B /* View */,
				CC1F23422819900D00663B4B /* Interactor */,
				CC1F23412819900300663B4B /* Presenter */,
				CC1F234028198FF500663B4B /* Protocols */,
				CC1F233F28198FEE00663B4B /* Router */,
			);
			path = NewConversation;
			sourceTree = "<group>";
		};
		CC1F233F28198FEE00663B4B /* Router */ = {
			isa = PBXGroup;
			children = (
				CC1F234D2819908D00663B4B /* NewConversationRouter.swift */,
			);
			path = Router;
			sourceTree = "<group>";
		};
		CC1F234028198FF500663B4B /* Protocols */ = {
			isa = PBXGroup;
			children = (
				CC1F234B2819908200663B4B /* NewConversationProtocols.swift */,
			);
			path = Protocols;
			sourceTree = "<group>";
		};
		CC1F23412819900300663B4B /* Presenter */ = {
			isa = PBXGroup;
			children = (
				CC1F23482819906700663B4B /* NewConversationPresenter.swift */,
			);
			path = Presenter;
			sourceTree = "<group>";
		};
		CC1F23422819900D00663B4B /* Interactor */ = {
			isa = PBXGroup;
			children = (
				CC1F23462819905700663B4B /* NewConversationInteractor.swift */,
			);
			path = Interactor;
			sourceTree = "<group>";
		};
		CC1F23432819901800663B4B /* View */ = {
			isa = PBXGroup;
			children = (
				CC1F23442819903100663B4B /* NewConversationViewController.swift */,
				CC1F234F2819913C00663B4B /* NewConversation.storyboard */,
			);
			path = View;
			sourceTree = "<group>";
		};
		CC2206E9282069E3005FBABC /* StorageManager */ = {
			isa = PBXGroup;
			children = (
				CC2206EA28206A03005FBABC /* FireBaseStorageManager.swift */,
			);
			path = StorageManager;
			sourceTree = "<group>";
		};
		CCB02EB528180502004C04B0 /* Chat */ = {
			isa = PBXGroup;
			children = (
				CCB02EBA28180560004C04B0 /* View */,
				CCB02EB928180544004C04B0 /* Interactor */,
				CCB02EB828180534004C04B0 /* Presenter */,
				CCB02EB728180529004C04B0 /* Protocols */,
				CCB02EB62818051F004C04B0 /* Router */,
			);
			path = Chat;
			sourceTree = "<group>";
		};
		CCB02EB62818051F004C04B0 /* Router */ = {
			isa = PBXGroup;
			children = (
				CCB02EC3281805D4004C04B0 /* ChatRouter.swift */,
			);
			path = Router;
			sourceTree = "<group>";
		};
		CCB02EB728180529004C04B0 /* Protocols */ = {
			isa = PBXGroup;
			children = (
				CCB02EC1281805C7004C04B0 /* ChatProtocols.swift */,
			);
			path = Protocols;
			sourceTree = "<group>";
		};
		CCB02EB828180534004C04B0 /* Presenter */ = {
			isa = PBXGroup;
			children = (
				CCB02EBF281805B8004C04B0 /* ChatPresenter.swift */,
			);
			path = Presenter;
			sourceTree = "<group>";
		};
		CCB02EB928180544004C04B0 /* Interactor */ = {
			isa = PBXGroup;
			children = (
				CCB02EBD281805A7004C04B0 /* ChatInteractor.swift */,
			);
			path = Interactor;
			sourceTree = "<group>";
		};
		CCB02EBA28180560004C04B0 /* View */ = {
			isa = PBXGroup;
			children = (
				CCB02EC928180EFE004C04B0 /* Chat Models */,
				CCB02EBB28180587004C04B0 /* ChatViewController.swift */,
				CCB02EC5281806BE004C04B0 /* Chat.storyboard */,
			);
			path = View;
			sourceTree = "<group>";
		};
		CCB02EC928180EFE004C04B0 /* Chat Models */ = {
			isa = PBXGroup;
			children = (
				CCB02ECA28180F20004C04B0 /* Message.swift */,
				CCB02ECC28180F98004C04B0 /* Sender.swift */,
				CCFD993028259BDE009E75FB /* MessageKind.swift */,
			);
			path = "Chat Models";
			sourceTree = "<group>";
		};
		CCE1D2B727FB22A900D06BDB /* DatabaseManager */ = {
			isa = PBXGroup;
			children = (
				CCE1D2B827FB22CA00D06BDB /* FireBaseDatabaseManager.swift */,
				CCE1D2BA27FB24B100D06BDB /* ChatAppUser.swift */,
			);
			path = DatabaseManager;
			sourceTree = "<group>";
		};
		CCE1D2BC27FC6DC300D06BDB /* ChatAppTabBarController */ = {
			isa = PBXGroup;
			children = (
				CCE1D2BD27FC6DDF00D06BDB /* ChatAppTabBarController.swift */,
				CCE1D2BF27FC6EC300D06BDB /* ChatAppTabBarBuilder.swift */,
				CCE1D2C127FC6F2000D06BDB /* ChatAppTabBarRouter.swift */,
			);
			path = ChatAppTabBarController;
			sourceTree = "<group>";
		};
		CCE1D2C327FC772100D06BDB /* Profile */ = {
			isa = PBXGroup;
			children = (
				CCE1D2C827FC778600D06BDB /* View */,
				CCE1D2C727FC777E00D06BDB /* Interactor */,
				CCE1D2C627FC777500D06BDB /* Presenter */,
				CCE1D2C527FC776C00D06BDB /* Protocols */,
				CCE1D2C427FC776400D06BDB /* Router */,
			);
			path = Profile;
			sourceTree = "<group>";
		};
		CCE1D2C427FC776400D06BDB /* Router */ = {
			isa = PBXGroup;
			children = (
				CCE1D2D127FC77F800D06BDB /* ProfileRouter.swift */,
			);
			path = Router;
			sourceTree = "<group>";
		};
		CCE1D2C527FC776C00D06BDB /* Protocols */ = {
			isa = PBXGroup;
			children = (
				CCE1D2CF27FC77E500D06BDB /* ProfileProtocols.swift */,
			);
			path = Protocols;
			sourceTree = "<group>";
		};
		CCE1D2C627FC777500D06BDB /* Presenter */ = {
			isa = PBXGroup;
			children = (
				CCE1D2CD27FC77D800D06BDB /* ProfilePresenter.swift */,
			);
			path = Presenter;
			sourceTree = "<group>";
		};
		CCE1D2C727FC777E00D06BDB /* Interactor */ = {
			isa = PBXGroup;
			children = (
				CCE1D2CB27FC77CA00D06BDB /* ProfileInteractor.swift */,
			);
			path = Interactor;
			sourceTree = "<group>";
		};
		CCE1D2C827FC778600D06BDB /* View */ = {
			isa = PBXGroup;
			children = (
				CCE1D2C927FC77AB00D06BDB /* ProfileViewController.swift */,
				CCE1D2D327FC7A7600D06BDB /* Profile.storyboard */,
			);
			path = View;
			sourceTree = "<group>";
		};
		CCE1D2D527FEF34E00D06BDB /* Constants */ = {
			isa = PBXGroup;
			children = (
				CCE1D2D627FEF35F00D06BDB /* K.swift */,
			);
			path = Constants;
			sourceTree = "<group>";
		};
		CCE65F1D27E922BD002ED848 /* AlertController */ = {
			isa = PBXGroup;
			children = (
				CCE65F1E27E922D5002ED848 /* AlertController.swift */,
			);
			path = AlertController;
			sourceTree = "<group>";
		};
		CCEC0E12282A876700D19EF0 /* ConversationCell */ = {
			isa = PBXGroup;
			children = (
				CCEC0E13282A878100D19EF0 /* ConversationTableViewCell.swift */,
			);
			path = ConversationCell;
			sourceTree = "<group>";
		};
		CCEC0E15282A8E3700D19EF0 /* ConversationModel */ = {
			isa = PBXGroup;
			children = (
				CCEC0E16282A8E4B00D19EF0 /* Conversation.swift */,
				CCEC0E18282A8E5800D19EF0 /* LatestMessage.swift */,
			);
			path = ConversationModel;
			sourceTree = "<group>";
		};
/* End PBXGroup section */

/* Begin PBXNativeTarget section */
		8414122A27DE4E2600F7036B /* FireBaseChatAppVıper */ = {
			isa = PBXNativeTarget;
			buildConfigurationList = 8414123F27DE4E2800F7036B /* Build configuration list for PBXNativeTarget "FireBaseChatAppVıper" */;
			buildPhases = (
				DF30B6A53B9B35EA35963C3D /* [CP] Check Pods Manifest.lock */,
				8414122727DE4E2600F7036B /* Sources */,
				8414122827DE4E2600F7036B /* Frameworks */,
				8414122927DE4E2600F7036B /* Resources */,
				B3F5C0E4F1F48B2B77EB44E4 /* [CP] Embed Pods Frameworks */,
			);
			buildRules = (
			);
			dependencies = (
			);
			name = "FireBaseChatAppVıper";
			productName = "FireBaseChatAppVıper";
			productReference = 8414122B27DE4E2600F7036B /* FireBaseChatAppVıper.app */;
			productType = "com.apple.product-type.application";
		};
/* End PBXNativeTarget section */

/* Begin PBXProject section */
		8414122327DE4E2600F7036B /* Project object */ = {
			isa = PBXProject;
			attributes = {
				BuildIndependentTargetsInParallel = 1;
				LastSwiftUpdateCheck = 1320;
				LastUpgradeCheck = 1320;
				TargetAttributes = {
					8414122A27DE4E2600F7036B = {
						CreatedOnToolsVersion = 13.2.1;
					};
				};
			};
			buildConfigurationList = 8414122627DE4E2600F7036B /* Build configuration list for PBXProject "FireBaseChatAppVıper" */;
			compatibilityVersion = "Xcode 13.0";
			developmentRegion = en;
			hasScannedForEncodings = 0;
			knownRegions = (
				en,
				Base,
			);
			mainGroup = 8414122227DE4E2600F7036B;
			productRefGroup = 8414122C27DE4E2600F7036B /* Products */;
			projectDirPath = "";
			projectRoot = "";
			targets = (
				8414122A27DE4E2600F7036B /* FireBaseChatAppVıper */,
			);
		};
/* End PBXProject section */

/* Begin PBXResourcesBuildPhase section */
		8414122927DE4E2600F7036B /* Resources */ = {
			isa = PBXResourcesBuildPhase;
			buildActionMask = 2147483647;
			files = (
				8414123B27DE4E2800F7036B /* LaunchScreen.storyboard in Resources */,
				8414123827DE4E2800F7036B /* Assets.xcassets in Resources */,
				8414123627DE4E2600F7036B /* LogIn.storyboard in Resources */,
				8414126327DE52D300F7036B /* Conversations.storyboard in Resources */,
				CC1F23502819913C00663B4B /* NewConversation.storyboard in Resources */,
				8414126127DE52BA00F7036B /* Register.storyboard in Resources */,
				CCE1D2B627F5E96D00D06BDB /* GoogleService-Info.plist in Resources */,
				CCB02EC6281806BE004C04B0 /* Chat.storyboard in Resources */,
				CCE1D2D427FC7A7600D06BDB /* Profile.storyboard in Resources */,
			);
			runOnlyForDeploymentPostprocessing = 0;
		};
/* End PBXResourcesBuildPhase section */

/* Begin PBXShellScriptBuildPhase section */
		B3F5C0E4F1F48B2B77EB44E4 /* [CP] Embed Pods Frameworks */ = {
			isa = PBXShellScriptBuildPhase;
			buildActionMask = 2147483647;
			files = (
			);
			inputFileListPaths = (
				"${PODS_ROOT}/Target Support Files/Pods-FireBaseChatAppVıper/Pods-FireBaseChatAppVıper-frameworks-${CONFIGURATION}-input-files.xcfilelist",
			);
			name = "[CP] Embed Pods Frameworks";
			outputFileListPaths = (
				"${PODS_ROOT}/Target Support Files/Pods-FireBaseChatAppVıper/Pods-FireBaseChatAppVıper-frameworks-${CONFIGURATION}-output-files.xcfilelist",
			);
			runOnlyForDeploymentPostprocessing = 0;
			shellPath = /bin/sh;
			shellScript = "\"${PODS_ROOT}/Target Support Files/Pods-FireBaseChatAppVıper/Pods-FireBaseChatAppVıper-frameworks.sh\"\n";
			showEnvVarsInLog = 0;
		};
		DF30B6A53B9B35EA35963C3D /* [CP] Check Pods Manifest.lock */ = {
			isa = PBXShellScriptBuildPhase;
			buildActionMask = 2147483647;
			files = (
			);
			inputFileListPaths = (
			);
			inputPaths = (
				"${PODS_PODFILE_DIR_PATH}/Podfile.lock",
				"${PODS_ROOT}/Manifest.lock",
			);
			name = "[CP] Check Pods Manifest.lock";
			outputFileListPaths = (
			);
			outputPaths = (
				"$(DERIVED_FILE_DIR)/Pods-FireBaseChatAppVıper-checkManifestLockResult.txt",
			);
			runOnlyForDeploymentPostprocessing = 0;
			shellPath = /bin/sh;
			shellScript = "diff \"${PODS_PODFILE_DIR_PATH}/Podfile.lock\" \"${PODS_ROOT}/Manifest.lock\" > /dev/null\nif [ $? != 0 ] ; then\n    # print error to STDERR\n    echo \"error: The sandbox is not in sync with the Podfile.lock. Run 'pod install' or update your CocoaPods installation.\" >&2\n    exit 1\nfi\n# This output is used by Xcode 'outputs' to avoid re-running this script phase.\necho \"SUCCESS\" > \"${SCRIPT_OUTPUT_FILE_0}\"\n";
			showEnvVarsInLog = 0;
		};
/* End PBXShellScriptBuildPhase section */

/* Begin PBXSourcesBuildPhase section */
		8414122727DE4E2600F7036B /* Sources */ = {
			isa = PBXSourcesBuildPhase;
			buildActionMask = 2147483647;
			files = (
				8414126B27DE87E700F7036B /* ConversationRouter.swift in Sources */,
				CCE1D2D227FC77F800D06BDB /* ProfileRouter.swift in Sources */,
				CCE1D2D027FC77E500D06BDB /* ProfileProtocols.swift in Sources */,
				8414127F27E0BA8100F7036B /* RegisterRouter.swift in Sources */,
				8414127027DF30A400F7036B /* LogInInteractor.swift in Sources */,
				8414124727DE4F6100F7036B /* UIView.swift in Sources */,
				CCE1D2D727FEF35F00D06BDB /* K.swift in Sources */,
				CC1F23492819906700663B4B /* NewConversationPresenter.swift in Sources */,
				CCEC0E14282A878100D19EF0 /* ConversationTableViewCell.swift in Sources */,
				CC1F23452819903100663B4B /* NewConversationViewController.swift in Sources */,
				CCE1D2BB27FB24B100D06BDB /* ChatAppUser.swift in Sources */,
				8414126527DE587100F7036B /* ConversationsInteractor.swift in Sources */,
				CCB02ECB28180F20004C04B0 /* Message.swift in Sources */,
				CCE1D2B927FB22CA00D06BDB /* FireBaseDatabaseManager.swift in Sources */,
				8414126E27DF2C6D00F7036B /* AppManager.swift in Sources */,
				8414123327DE4E2600F7036B /* LogInViewController.swift in Sources */,
				8414127727DF30DE00F7036B /* LogInRouter.swift in Sources */,
				CCE65F1F27E922D5002ED848 /* AlertController.swift in Sources */,
				CCB02EC4281805D4004C04B0 /* ChatRouter.swift in Sources */,
				CCE1D2CC27FC77CA00D06BDB /* ProfileInteractor.swift in Sources */,
				CC1F234E2819908D00663B4B /* NewConversationRouter.swift in Sources */,
				CCB02EC2281805C7004C04B0 /* ChatProtocols.swift in Sources */,
				CCE1D2C027FC6EC300D06BDB /* ChatAppTabBarBuilder.swift in Sources */,
				8414122F27DE4E2600F7036B /* AppDelegate.swift in Sources */,
				8414125F27DE529B00F7036B /* ConversationsViewController.swift in Sources */,
				CC2206EB28206A03005FBABC /* FireBaseStorageManager.swift in Sources */,
				8414127B27E0BA6900F7036B /* RegisterInteractor.swift in Sources */,
				8414125D27DE528600F7036B /* RegisterViewController.swift in Sources */,
				8414127D27E0BA7400F7036B /* RegisterPresenter.swift in Sources */,
				CCFD993128259BDE009E75FB /* MessageKind.swift in Sources */,
				CCB02ECD28180F98004C04B0 /* Sender.swift in Sources */,
				8414126927DE87D700F7036B /* ConversationProtocol.swift in Sources */,
				8414127227DF30B300F7036B /* LogInPresenter.swift in Sources */,
				CCE1D2BE27FC6DDF00D06BDB /* ChatAppTabBarController.swift in Sources */,
				8414123127DE4E2600F7036B /* SceneDelegate.swift in Sources */,
				CC1F234C2819908200663B4B /* NewConversationProtocols.swift in Sources */,
				8414128227E0CF4C00F7036B /* Storyboardable.swift in Sources */,
				8414126727DE87C700F7036B /* ConversationPresenter.swift in Sources */,
				CCB02EBE281805A7004C04B0 /* ChatInteractor.swift in Sources */,
				CCEC0E17282A8E4B00D19EF0 /* Conversation.swift in Sources */,
				CCE1D2CA27FC77AB00D06BDB /* ProfileViewController.swift in Sources */,
				CCB02EBC28180587004C04B0 /* ChatViewController.swift in Sources */,
				CCB02EC0281805B8004C04B0 /* ChatPresenter.swift in Sources */,
				CCE1D2C227FC6F2000D06BDB /* ChatAppTabBarRouter.swift in Sources */,
				8414124927DE4F6F00F7036B /* UIColor.swift in Sources */,
				CC1F23472819905700663B4B /* NewConversationInteractor.swift in Sources */,
				8414127527DF30D000F7036B /* LogInProtocols.swift in Sources */,
				8414127927E0BA5900F7036B /* RegisterProtocols.swift in Sources */,
				CCEC0E19282A8E5800D19EF0 /* LatestMessage.swift in Sources */,
				CCE1D2CE27FC77D800D06BDB /* ProfilePresenter.swift in Sources */,
			);
			runOnlyForDeploymentPostprocessing = 0;
		};
/* End PBXSourcesBuildPhase section */

/* Begin PBXVariantGroup section */
		8414123427DE4E2600F7036B /* LogIn.storyboard */ = {
			isa = PBXVariantGroup;
			children = (
				8414123527DE4E2600F7036B /* Base */,
			);
			name = LogIn.storyboard;
			sourceTree = "<group>";
		};
		8414123927DE4E2800F7036B /* LaunchScreen.storyboard */ = {
			isa = PBXVariantGroup;
			children = (
				8414123A27DE4E2800F7036B /* Base */,
			);
			name = LaunchScreen.storyboard;
			sourceTree = "<group>";
		};
/* End PBXVariantGroup section */

/* Begin XCBuildConfiguration section */
		8414123D27DE4E2800F7036B /* Debug */ = {
			isa = XCBuildConfiguration;
			buildSettings = {
				ALWAYS_SEARCH_USER_PATHS = NO;
				CLANG_ANALYZER_NONNULL = YES;
				CLANG_ANALYZER_NUMBER_OBJECT_CONVERSION = YES_AGGRESSIVE;
				CLANG_CXX_LANGUAGE_STANDARD = "gnu++17";
				CLANG_CXX_LIBRARY = "libc++";
				CLANG_ENABLE_MODULES = YES;
				CLANG_ENABLE_OBJC_ARC = YES;
				CLANG_ENABLE_OBJC_WEAK = YES;
				CLANG_WARN_BLOCK_CAPTURE_AUTORELEASING = YES;
				CLANG_WARN_BOOL_CONVERSION = YES;
				CLANG_WARN_COMMA = YES;
				CLANG_WARN_CONSTANT_CONVERSION = YES;
				CLANG_WARN_DEPRECATED_OBJC_IMPLEMENTATIONS = YES;
				CLANG_WARN_DIRECT_OBJC_ISA_USAGE = YES_ERROR;
				CLANG_WARN_DOCUMENTATION_COMMENTS = YES;
				CLANG_WARN_EMPTY_BODY = YES;
				CLANG_WARN_ENUM_CONVERSION = YES;
				CLANG_WARN_INFINITE_RECURSION = YES;
				CLANG_WARN_INT_CONVERSION = YES;
				CLANG_WARN_NON_LITERAL_NULL_CONVERSION = YES;
				CLANG_WARN_OBJC_IMPLICIT_RETAIN_SELF = YES;
				CLANG_WARN_OBJC_LITERAL_CONVERSION = YES;
				CLANG_WARN_OBJC_ROOT_CLASS = YES_ERROR;
				CLANG_WARN_QUOTED_INCLUDE_IN_FRAMEWORK_HEADER = YES;
				CLANG_WARN_RANGE_LOOP_ANALYSIS = YES;
				CLANG_WARN_STRICT_PROTOTYPES = YES;
				CLANG_WARN_SUSPICIOUS_MOVE = YES;
				CLANG_WARN_UNGUARDED_AVAILABILITY = YES_AGGRESSIVE;
				CLANG_WARN_UNREACHABLE_CODE = YES;
				CLANG_WARN__DUPLICATE_METHOD_MATCH = YES;
				COPY_PHASE_STRIP = NO;
				DEBUG_INFORMATION_FORMAT = dwarf;
				ENABLE_STRICT_OBJC_MSGSEND = YES;
				ENABLE_TESTABILITY = YES;
				GCC_C_LANGUAGE_STANDARD = gnu11;
				GCC_DYNAMIC_NO_PIC = NO;
				GCC_NO_COMMON_BLOCKS = YES;
				GCC_OPTIMIZATION_LEVEL = 0;
				GCC_PREPROCESSOR_DEFINITIONS = (
					"DEBUG=1",
					"$(inherited)",
				);
				GCC_WARN_64_TO_32_BIT_CONVERSION = YES;
				GCC_WARN_ABOUT_RETURN_TYPE = YES_ERROR;
				GCC_WARN_UNDECLARED_SELECTOR = YES;
				GCC_WARN_UNINITIALIZED_AUTOS = YES_AGGRESSIVE;
				GCC_WARN_UNUSED_FUNCTION = YES;
				GCC_WARN_UNUSED_VARIABLE = YES;
				IPHONEOS_DEPLOYMENT_TARGET = 13.0;
				MTL_ENABLE_DEBUG_INFO = INCLUDE_SOURCE;
				MTL_FAST_MATH = YES;
				ONLY_ACTIVE_ARCH = YES;
				SDKROOT = iphoneos;
				SWIFT_ACTIVE_COMPILATION_CONDITIONS = DEBUG;
				SWIFT_OPTIMIZATION_LEVEL = "-Onone";
			};
			name = Debug;
		};
		8414123E27DE4E2800F7036B /* Release */ = {
			isa = XCBuildConfiguration;
			buildSettings = {
				ALWAYS_SEARCH_USER_PATHS = NO;
				CLANG_ANALYZER_NONNULL = YES;
				CLANG_ANALYZER_NUMBER_OBJECT_CONVERSION = YES_AGGRESSIVE;
				CLANG_CXX_LANGUAGE_STANDARD = "gnu++17";
				CLANG_CXX_LIBRARY = "libc++";
				CLANG_ENABLE_MODULES = YES;
				CLANG_ENABLE_OBJC_ARC = YES;
				CLANG_ENABLE_OBJC_WEAK = YES;
				CLANG_WARN_BLOCK_CAPTURE_AUTORELEASING = YES;
				CLANG_WARN_BOOL_CONVERSION = YES;
				CLANG_WARN_COMMA = YES;
				CLANG_WARN_CONSTANT_CONVERSION = YES;
				CLANG_WARN_DEPRECATED_OBJC_IMPLEMENTATIONS = YES;
				CLANG_WARN_DIRECT_OBJC_ISA_USAGE = YES_ERROR;
				CLANG_WARN_DOCUMENTATION_COMMENTS = YES;
				CLANG_WARN_EMPTY_BODY = YES;
				CLANG_WARN_ENUM_CONVERSION = YES;
				CLANG_WARN_INFINITE_RECURSION = YES;
				CLANG_WARN_INT_CONVERSION = YES;
				CLANG_WARN_NON_LITERAL_NULL_CONVERSION = YES;
				CLANG_WARN_OBJC_IMPLICIT_RETAIN_SELF = YES;
				CLANG_WARN_OBJC_LITERAL_CONVERSION = YES;
				CLANG_WARN_OBJC_ROOT_CLASS = YES_ERROR;
				CLANG_WARN_QUOTED_INCLUDE_IN_FRAMEWORK_HEADER = YES;
				CLANG_WARN_RANGE_LOOP_ANALYSIS = YES;
				CLANG_WARN_STRICT_PROTOTYPES = YES;
				CLANG_WARN_SUSPICIOUS_MOVE = YES;
				CLANG_WARN_UNGUARDED_AVAILABILITY = YES_AGGRESSIVE;
				CLANG_WARN_UNREACHABLE_CODE = YES;
				CLANG_WARN__DUPLICATE_METHOD_MATCH = YES;
				COPY_PHASE_STRIP = NO;
				DEBUG_INFORMATION_FORMAT = "dwarf-with-dsym";
				ENABLE_NS_ASSERTIONS = NO;
				ENABLE_STRICT_OBJC_MSGSEND = YES;
				GCC_C_LANGUAGE_STANDARD = gnu11;
				GCC_NO_COMMON_BLOCKS = YES;
				GCC_WARN_64_TO_32_BIT_CONVERSION = YES;
				GCC_WARN_ABOUT_RETURN_TYPE = YES_ERROR;
				GCC_WARN_UNDECLARED_SELECTOR = YES;
				GCC_WARN_UNINITIALIZED_AUTOS = YES_AGGRESSIVE;
				GCC_WARN_UNUSED_FUNCTION = YES;
				GCC_WARN_UNUSED_VARIABLE = YES;
				IPHONEOS_DEPLOYMENT_TARGET = 13.0;
				MTL_ENABLE_DEBUG_INFO = NO;
				MTL_FAST_MATH = YES;
				SDKROOT = iphoneos;
				SWIFT_COMPILATION_MODE = wholemodule;
				SWIFT_OPTIMIZATION_LEVEL = "-O";
				VALIDATE_PRODUCT = YES;
			};
			name = Release;
		};
		8414124027DE4E2800F7036B /* Debug */ = {
			isa = XCBuildConfiguration;
			baseConfigurationReference = 1FEE5A557743F88FCE05173D /* Pods-FireBaseChatAppVıper.debug.xcconfig */;
			buildSettings = {
				ASSETCATALOG_COMPILER_APPICON_NAME = AppIcon;
				ASSETCATALOG_COMPILER_GLOBAL_ACCENT_COLOR_NAME = AccentColor;
				CODE_SIGN_STYLE = Automatic;
				CURRENT_PROJECT_VERSION = 1;
				DEVELOPMENT_TEAM = 2PYSM93YYN;
				FRAMEWORK_SEARCH_PATHS = (
					"$(inherited)",
					"\"${PODS_CONFIGURATION_BUILD_DIR}/BoringSSL-GRPC\"",
					"\"${PODS_CONFIGURATION_BUILD_DIR}/FirebaseAuth\"",
					"\"${PODS_CONFIGURATION_BUILD_DIR}/FirebaseCore\"",
					"\"${PODS_CONFIGURATION_BUILD_DIR}/FirebaseCoreDiagnostics\"",
					"\"${PODS_CONFIGURATION_BUILD_DIR}/FirebaseDatabase\"",
					"\"${PODS_CONFIGURATION_BUILD_DIR}/FirebaseFirestore\"",
					"\"${PODS_CONFIGURATION_BUILD_DIR}/GTMSessionFetcher\"",
					"\"${PODS_CONFIGURATION_BUILD_DIR}/GoogleDataTransport\"",
					"\"${PODS_CONFIGURATION_BUILD_DIR}/GoogleUtilities\"",
					"\"${PODS_CONFIGURATION_BUILD_DIR}/PromisesObjC\"",
					"\"${PODS_CONFIGURATION_BUILD_DIR}/SnapKit\"",
					"\"${PODS_CONFIGURATION_BUILD_DIR}/abseil\"",
					"\"${PODS_CONFIGURATION_BUILD_DIR}/gRPC-C++\"",
					"\"${PODS_CONFIGURATION_BUILD_DIR}/gRPC-Core\"",
					"\"${PODS_CONFIGURATION_BUILD_DIR}/leveldb-library\"",
					"\"${PODS_CONFIGURATION_BUILD_DIR}/nanopb\"",
					"\"${PODS_ROOT}/FBAEMKit/XCFrameworks\"",
					"\"${PODS_ROOT}/FBSDKCoreKit/XCFrameworks\"",
					"\"${PODS_ROOT}/FBSDKCoreKit_Basics/XCFrameworks\"",
					"\"${PODS_ROOT}/FBSDKLoginKit/XCFrameworks\"",
					"\"${PODS_XCFRAMEWORKS_BUILD_DIR}/FBAEMKit\"",
					"\"${PODS_XCFRAMEWORKS_BUILD_DIR}/FBSDKCoreKit\"",
					"\"${PODS_XCFRAMEWORKS_BUILD_DIR}/FBSDKCoreKit_Basics\"",
					"\"${PODS_XCFRAMEWORKS_BUILD_DIR}/FBSDKLoginKit\"",
				);
				GENERATE_INFOPLIST_FILE = YES;
				INFOPLIST_FILE = "FireBaseChatAppVıper/Info.plist";
				INFOPLIST_KEY_NSCalendarsUsageDescription = "Please allow access to take a profile picture";
				INFOPLIST_KEY_NSPhotoLibraryAddUsageDescription = "Please allow access to select a photo for your profile";
				INFOPLIST_KEY_UIApplicationSupportsIndirectInputEvents = YES;
				INFOPLIST_KEY_UILaunchStoryboardName = LaunchScreen;
				INFOPLIST_KEY_UIMainStoryboardFile = Conversations;
				INFOPLIST_KEY_UISupportedInterfaceOrientations_iPad = "UIInterfaceOrientationPortrait UIInterfaceOrientationPortraitUpsideDown UIInterfaceOrientationLandscapeLeft UIInterfaceOrientationLandscapeRight";
				INFOPLIST_KEY_UISupportedInterfaceOrientations_iPhone = "UIInterfaceOrientationPortrait UIInterfaceOrientationLandscapeLeft UIInterfaceOrientationLandscapeRight";
				IPHONEOS_DEPLOYMENT_TARGET = 13.0;
				LD_RUNPATH_SEARCH_PATHS = (
					"$(inherited)",
					"@executable_path/Frameworks",
				);
				MARKETING_VERSION = 1.0;
				PRODUCT_BUNDLE_IDENTIFIER = ChatAppViper;
				PRODUCT_NAME = "$(TARGET_NAME)";
				SWIFT_EMIT_LOC_STRINGS = YES;
				SWIFT_VERSION = 5.0;
				TARGETED_DEVICE_FAMILY = 1;
			};
			name = Debug;
		};
		8414124127DE4E2800F7036B /* Release */ = {
			isa = XCBuildConfiguration;
			baseConfigurationReference = 585F5EE58749269DFD4C8741 /* Pods-FireBaseChatAppVıper.release.xcconfig */;
			buildSettings = {
				ASSETCATALOG_COMPILER_APPICON_NAME = AppIcon;
				ASSETCATALOG_COMPILER_GLOBAL_ACCENT_COLOR_NAME = AccentColor;
				CODE_SIGN_STYLE = Automatic;
				CURRENT_PROJECT_VERSION = 1;
				DEVELOPMENT_TEAM = 2PYSM93YYN;
				FRAMEWORK_SEARCH_PATHS = (
					"$(inherited)",
					"\"${PODS_CONFIGURATION_BUILD_DIR}/BoringSSL-GRPC\"",
					"\"${PODS_CONFIGURATION_BUILD_DIR}/FirebaseAuth\"",
					"\"${PODS_CONFIGURATION_BUILD_DIR}/FirebaseCore\"",
					"\"${PODS_CONFIGURATION_BUILD_DIR}/FirebaseCoreDiagnostics\"",
					"\"${PODS_CONFIGURATION_BUILD_DIR}/FirebaseDatabase\"",
					"\"${PODS_CONFIGURATION_BUILD_DIR}/FirebaseFirestore\"",
					"\"${PODS_CONFIGURATION_BUILD_DIR}/GTMSessionFetcher\"",
					"\"${PODS_CONFIGURATION_BUILD_DIR}/GoogleDataTransport\"",
					"\"${PODS_CONFIGURATION_BUILD_DIR}/GoogleUtilities\"",
					"\"${PODS_CONFIGURATION_BUILD_DIR}/PromisesObjC\"",
					"\"${PODS_CONFIGURATION_BUILD_DIR}/SnapKit\"",
					"\"${PODS_CONFIGURATION_BUILD_DIR}/abseil\"",
					"\"${PODS_CONFIGURATION_BUILD_DIR}/gRPC-C++\"",
					"\"${PODS_CONFIGURATION_BUILD_DIR}/gRPC-Core\"",
					"\"${PODS_CONFIGURATION_BUILD_DIR}/leveldb-library\"",
					"\"${PODS_CONFIGURATION_BUILD_DIR}/nanopb\"",
					"\"${PODS_ROOT}/FBAEMKit/XCFrameworks\"",
					"\"${PODS_ROOT}/FBSDKCoreKit/XCFrameworks\"",
					"\"${PODS_ROOT}/FBSDKCoreKit_Basics/XCFrameworks\"",
					"\"${PODS_ROOT}/FBSDKLoginKit/XCFrameworks\"",
					"\"${PODS_XCFRAMEWORKS_BUILD_DIR}/FBAEMKit\"",
					"\"${PODS_XCFRAMEWORKS_BUILD_DIR}/FBSDKCoreKit\"",
					"\"${PODS_XCFRAMEWORKS_BUILD_DIR}/FBSDKCoreKit_Basics\"",
					"\"${PODS_XCFRAMEWORKS_BUILD_DIR}/FBSDKLoginKit\"",
				);
				GENERATE_INFOPLIST_FILE = YES;
				INFOPLIST_FILE = "FireBaseChatAppVıper/Info.plist";
				INFOPLIST_KEY_NSCalendarsUsageDescription = "Please allow access to take a profile picture";
				INFOPLIST_KEY_NSPhotoLibraryAddUsageDescription = "Please allow access to select a photo for your profile";
				INFOPLIST_KEY_UIApplicationSupportsIndirectInputEvents = YES;
				INFOPLIST_KEY_UILaunchStoryboardName = LaunchScreen;
				INFOPLIST_KEY_UIMainStoryboardFile = Conversations;
				INFOPLIST_KEY_UISupportedInterfaceOrientations_iPad = "UIInterfaceOrientationPortrait UIInterfaceOrientationPortraitUpsideDown UIInterfaceOrientationLandscapeLeft UIInterfaceOrientationLandscapeRight";
				INFOPLIST_KEY_UISupportedInterfaceOrientations_iPhone = "UIInterfaceOrientationPortrait UIInterfaceOrientationLandscapeLeft UIInterfaceOrientationLandscapeRight";
				IPHONEOS_DEPLOYMENT_TARGET = 13.0;
				LD_RUNPATH_SEARCH_PATHS = (
					"$(inherited)",
					"@executable_path/Frameworks",
				);
				MARKETING_VERSION = 1.0;
				PRODUCT_BUNDLE_IDENTIFIER = ChatAppViper;
				PRODUCT_NAME = "$(TARGET_NAME)";
				SWIFT_EMIT_LOC_STRINGS = YES;
				SWIFT_VERSION = 5.0;
				TARGETED_DEVICE_FAMILY = 1;
			};
			name = Release;
		};
/* End XCBuildConfiguration section */

/* Begin XCConfigurationList section */
		8414122627DE4E2600F7036B /* Build configuration list for PBXProject "FireBaseChatAppVıper" */ = {
			isa = XCConfigurationList;
			buildConfigurations = (
				8414123D27DE4E2800F7036B /* Debug */,
				8414123E27DE4E2800F7036B /* Release */,
			);
			defaultConfigurationIsVisible = 0;
			defaultConfigurationName = Release;
		};
		8414123F27DE4E2800F7036B /* Build configuration list for PBXNativeTarget "FireBaseChatAppVıper" */ = {
			isa = XCConfigurationList;
			buildConfigurations = (
				8414124027DE4E2800F7036B /* Debug */,
				8414124127DE4E2800F7036B /* Release */,
			);
			defaultConfigurationIsVisible = 0;
			defaultConfigurationName = Release;
		};
/* End XCConfigurationList section */
	};
	rootObject = 8414122327DE4E2600F7036B /* Project object */;
}
